{
  "name": "hono-nodejs",
  "lockfileVersion": 3,
  "requires": true,
  "packages": {
    "": {
      "name": "hono-nodejs",
      "dependencies": {
        "@hono/node-server": "^1.12.0",
        "hono": "^4.5.3"
      },
      "devDependencies": {
        "@biomejs/biome": "1.8.3",
        "@types/node": "^20.11.17",
        "lefthook": "^1.7.11",
        "tsx": "^4.7.1",
        "typescript": "^5.5.4"
      }
    },
    "node_modules/@biomejs/biome": {
      "version": "1.8.3",
      "resolved": "https://registry.npmjs.org/@biomejs/biome/-/biome-1.8.3.tgz",
      "integrity": "sha512-/uUV3MV+vyAczO+vKrPdOW0Iaet7UnJMU4bNMinggGJTAnBPjCoLEYcyYtYHNnUNYlv4xZMH6hVIQCAozq8d5w==",
      "dev": true,
      "hasInstallScript": true,
      "license": "MIT OR Apache-2.0",
      "bin": {
        "biome": "bin/biome"
      },
      "engines": {
        "node": ">=14.21.3"
      },
      "funding": {
        "type": "opencollective",
        "url": "https://opencollective.com/biome"
      },
      "optionalDependencies": {
        "@biomejs/cli-darwin-arm64": "1.8.3",
        "@biomejs/cli-darwin-x64": "1.8.3",
        "@biomejs/cli-linux-arm64": "1.8.3",
        "@biomejs/cli-linux-arm64-musl": "1.8.3",
        "@biomejs/cli-linux-x64": "1.8.3",
        "@biomejs/cli-linux-x64-musl": "1.8.3",
        "@biomejs/cli-win32-arm64": "1.8.3",
        "@biomejs/cli-win32-x64": "1.8.3"
      }
    },
    "node_modules/@biomejs/cli-darwin-arm64": {
      "version": "1.8.3",
      "resolved": "https://registry.npmjs.org/@biomejs/cli-darwin-arm64/-/cli-darwin-arm64-1.8.3.tgz",
      "integrity": "sha512-9DYOjclFpKrH/m1Oz75SSExR8VKvNSSsLnVIqdnKexj6NwmiMlKk94Wa1kZEdv6MCOHGHgyyoV57Cw8WzL5n3A==",
      "cpu": [
        "arm64"
      ],
      "dev": true,
      "license": "MIT OR Apache-2.0",
      "optional": true,
      "os": [
        "darwin"
      ],
      "engines": {
        "node": ">=14.21.3"
      }
    },
    "node_modules/@biomejs/cli-darwin-x64": {
      "version": "1.8.3",
      "resolved": "https://registry.npmjs.org/@biomejs/cli-darwin-x64/-/cli-darwin-x64-1.8.3.tgz",
      "integrity": "sha512-UeW44L/AtbmOF7KXLCoM+9PSgPo0IDcyEUfIoOXYeANaNXXf9mLUwV1GeF2OWjyic5zj6CnAJ9uzk2LT3v/wAw==",
      "cpu": [
        "x64"
      ],
      "dev": true,
      "license": "MIT OR Apache-2.0",
      "optional": true,
      "os": [
        "darwin"
      ],
      "engines": {
        "node": ">=14.21.3"
      }
    },
    "node_modules/@biomejs/cli-linux-arm64": {
      "version": "1.8.3",
      "resolved": "https://registry.npmjs.org/@biomejs/cli-linux-arm64/-/cli-linux-arm64-1.8.3.tgz",
      "integrity": "sha512-fed2ji8s+I/m8upWpTJGanqiJ0rnlHOK3DdxsyVLZQ8ClY6qLuPc9uehCREBifRJLl/iJyQpHIRufLDeotsPtw==",
      "cpu": [
        "arm64"
      ],
      "dev": true,
      "license": "MIT OR Apache-2.0",
      "optional": true,
      "os": [
        "linux"
      ],
      "engines": {
        "node": ">=14.21.3"
      }
    },
    "node_modules/@biomejs/cli-linux-arm64-musl": {
      "version": "1.8.3",
      "resolved": "https://registry.npmjs.org/@biomejs/cli-linux-arm64-musl/-/cli-linux-arm64-musl-1.8.3.tgz",
      "integrity": "sha512-9yjUfOFN7wrYsXt/T/gEWfvVxKlnh3yBpnScw98IF+oOeCYb5/b/+K7YNqKROV2i1DlMjg9g/EcN9wvj+NkMuQ==",
      "cpu": [
        "arm64"
      ],
      "dev": true,
      "license": "MIT OR Apache-2.0",
      "optional": true,
      "os": [
        "linux"
      ],
      "engines": {
        "node": ">=14.21.3"
      }
    },
    "node_modules/@biomejs/cli-linux-x64": {
      "version": "1.8.3",
      "resolved": "https://registry.npmjs.org/@biomejs/cli-linux-x64/-/cli-linux-x64-1.8.3.tgz",
      "integrity": "sha512-I8G2QmuE1teISyT8ie1HXsjFRz9L1m5n83U1O6m30Kw+kPMPSKjag6QGUn+sXT8V+XWIZxFFBoTDEDZW2KPDDw==",
      "cpu": [
        "x64"
      ],
      "dev": true,
      "license": "MIT OR Apache-2.0",
      "optional": true,
      "os": [
        "linux"
      ],
      "engines": {
        "node": ">=14.21.3"
      }
    },
    "node_modules/@biomejs/cli-linux-x64-musl": {
      "version": "1.8.3",
      "resolved": "https://registry.npmjs.org/@biomejs/cli-linux-x64-musl/-/cli-linux-x64-musl-1.8.3.tgz",
      "integrity": "sha512-UHrGJX7PrKMKzPGoEsooKC9jXJMa28TUSMjcIlbDnIO4EAavCoVmNQaIuUSH0Ls2mpGMwUIf+aZJv657zfWWjA==",
      "cpu": [
        "x64"
      ],
      "dev": true,
      "license": "MIT OR Apache-2.0",
      "optional": true,
      "os": [
        "linux"
      ],
      "engines": {
        "node": ">=14.21.3"
      }
    },
    "node_modules/@biomejs/cli-win32-arm64": {
      "version": "1.8.3",
      "resolved": "https://registry.npmjs.org/@biomejs/cli-win32-arm64/-/cli-win32-arm64-1.8.3.tgz",
      "integrity": "sha512-J+Hu9WvrBevfy06eU1Na0lpc7uR9tibm9maHynLIoAjLZpQU3IW+OKHUtyL8p6/3pT2Ju5t5emReeIS2SAxhkQ==",
      "cpu": [
        "arm64"
      ],
      "dev": true,
      "license": "MIT OR Apache-2.0",
      "optional": true,
      "os": [
        "win32"
      ],
      "engines": {
        "node": ">=14.21.3"
      }
    },
    "node_modules/@biomejs/cli-win32-x64": {
      "version": "1.8.3",
      "resolved": "https://registry.npmjs.org/@biomejs/cli-win32-x64/-/cli-win32-x64-1.8.3.tgz",
      "integrity": "sha512-/PJ59vA1pnQeKahemaQf4Nyj7IKUvGQSc3Ze1uIGi+Wvr1xF7rGobSrAAG01T/gUDG21vkDsZYM03NAmPiVkqg==",
      "cpu": [
        "x64"
      ],
      "dev": true,
      "license": "MIT OR Apache-2.0",
      "optional": true,
      "os": [
        "win32"
      ],
      "engines": {
        "node": ">=14.21.3"
      }
    },
    "node_modules/@esbuild/darwin-x64": {
      "version": "0.21.5",
      "resolved": "https://registry.npmjs.org/@esbuild/darwin-x64/-/darwin-x64-0.21.5.tgz",
      "integrity": "sha512-se/JjF8NlmKVG4kNIuyWMV/22ZaerB+qaSi5MdrXtd6R08kvs2qCN4C09miupktDitvh8jRFflwGFBQcxZRjbw==",
      "cpu": [
        "x64"
      ],
      "dev": true,
      "license": "MIT",
      "optional": true,
      "os": [
        "darwin"
      ],
      "engines": {
        "node": ">=12"
      }
    },
    "node_modules/@hono/node-server": {
      "version": "1.12.0",
      "resolved": "https://registry.npmjs.org/@hono/node-server/-/node-server-1.12.0.tgz",
      "integrity": "sha512-e6oHjNiErRxsZRZBmc2KucuvY3btlO/XPncIpP2X75bRdTilF9GLjm3NHvKKunpJbbJJj31/FoPTksTf8djAVw==",
      "license": "MIT",
      "engines": {
        "node": ">=18.14.1"
      }
    },
    "node_modules/@types/node": {
      "version": "20.14.13",
      "resolved": "https://registry.npmjs.org/@types/node/-/node-20.14.13.tgz",
      "integrity": "sha512-+bHoGiZb8UiQ0+WEtmph2IWQCjIqg8MDZMAV+ppRRhUZnquF5mQkP/9vpSwJClEiSM/C7fZZExPzfU0vJTyp8w==",
      "dev": true,
      "license": "MIT",
      "dependencies": {
        "undici-types": "~5.26.4"
      }
    },
    "node_modules/esbuild": {
      "version": "0.21.5",
      "resolved": "https://registry.npmjs.org/esbuild/-/esbuild-0.21.5.tgz",
      "integrity": "sha512-mg3OPMV4hXywwpoDxu3Qda5xCKQi+vCTZq8S9J/EpkhB2HzKXq4SNFZE3+NK93JYxc8VMSep+lOUSC/RVKaBqw==",
      "dev": true,
      "hasInstallScript": true,
      "license": "MIT",
      "bin": {
        "esbuild": "bin/esbuild"
      },
      "engines": {
        "node": ">=12"
      },
      "optionalDependencies": {
        "@esbuild/aix-ppc64": "0.21.5",
        "@esbuild/android-arm": "0.21.5",
        "@esbuild/android-arm64": "0.21.5",
        "@esbuild/android-x64": "0.21.5",
        "@esbuild/darwin-arm64": "0.21.5",
        "@esbuild/darwin-x64": "0.21.5",
        "@esbuild/freebsd-arm64": "0.21.5",
        "@esbuild/freebsd-x64": "0.21.5",
        "@esbuild/linux-arm": "0.21.5",
        "@esbuild/linux-arm64": "0.21.5",
        "@esbuild/linux-ia32": "0.21.5",
        "@esbuild/linux-loong64": "0.21.5",
        "@esbuild/linux-mips64el": "0.21.5",
        "@esbuild/linux-ppc64": "0.21.5",
        "@esbuild/linux-riscv64": "0.21.5",
        "@esbuild/linux-s390x": "0.21.5",
        "@esbuild/linux-x64": "0.21.5",
        "@esbuild/netbsd-x64": "0.21.5",
        "@esbuild/openbsd-x64": "0.21.5",
        "@esbuild/sunos-x64": "0.21.5",
        "@esbuild/win32-arm64": "0.21.5",
        "@esbuild/win32-ia32": "0.21.5",
        "@esbuild/win32-x64": "0.21.5"
      }
    },
    "node_modules/fsevents": {
      "version": "2.3.3",
      "resolved": "https://registry.npmjs.org/fsevents/-/fsevents-2.3.3.tgz",
      "integrity": "sha512-5xoDfX+fL7faATnagmWPpbFtwh/R77WmMMqqHGS65C3vvB0YHrgF+B1YmZ3441tMj5n63k0212XNoJwzlhffQw==",
      "dev": true,
      "hasInstallScript": true,
      "license": "MIT",
      "optional": true,
      "os": [
        "darwin"
      ],
      "engines": {
        "node": "^8.16.0 || ^10.6.0 || >=11.0.0"
      }
    },
    "node_modules/get-tsconfig": {
      "version": "4.7.6",
      "resolved": "https://registry.npmjs.org/get-tsconfig/-/get-tsconfig-4.7.6.tgz",
      "integrity": "sha512-ZAqrLlu18NbDdRaHq+AKXzAmqIUPswPWKUchfytdAjiRFnCe5ojG2bstg6mRiZabkKfCoL/e98pbBELIV/YCeA==",
      "dev": true,
      "license": "MIT",
      "dependencies": {
        "resolve-pkg-maps": "^1.0.0"
      },
      "funding": {
        "url": "https://github.com/privatenumber/get-tsconfig?sponsor=1"
      }
    },
    "node_modules/hono": {
      "version": "4.5.3",
      "resolved": "https://registry.npmjs.org/hono/-/hono-4.5.3.tgz",
      "integrity": "sha512-r26WwwbKD3BAYdfB294knNnegNda7VfV1tVn66D9Kvl9WQTdrR+5eKdoeaQNHQcC3Gr0KBikzAtjd6VsRGVSaw==",
      "license": "MIT",
      "engines": {
        "node": ">=16.0.0"
      }
    },
    "node_modules/lefthook": {
      "version": "1.7.11",
      "resolved": "https://registry.npmjs.org/lefthook/-/lefthook-1.7.11.tgz",
      "integrity": "sha512-IJ9KSk3+dkjTmKEsH2XJC4elocdgXzIznAHfbgr+5N/dJoB3fj8xNWfNx5fDhjT6so4eCJgdOrF9NJ7cS4wRvw==",
      "dev": true,
      "hasInstallScript": true,
      "license": "MIT",
      "bin": {
        "lefthook": "bin/index.js"
      },
      "optionalDependencies": {
        "lefthook-darwin-arm64": "1.7.11",
        "lefthook-darwin-x64": "1.7.11",
        "lefthook-freebsd-arm64": "1.7.11",
        "lefthook-freebsd-x64": "1.7.11",
        "lefthook-linux-arm64": "1.7.11",
        "lefthook-linux-x64": "1.7.11",
        "lefthook-windows-arm64": "1.7.11",
        "lefthook-windows-x64": "1.7.11"
      }
    },
    "node_modules/lefthook-darwin-arm64": {
      "version": "1.7.11",
      "resolved": "https://registry.npmjs.org/lefthook-darwin-arm64/-/lefthook-darwin-arm64-1.7.11.tgz",
      "integrity": "sha512-JQtGTM2uZF/3MGKmqb3jg8KG0B/V+2IU+H2jLvRtJULjHQxgiAQGsCJZKCYr8Uvq2/sbjaa+YdiKHROlqt7O6w==",
      "cpu": [
        "arm64"
      ],
      "dev": true,
      "license": "MIT",
      "optional": true,
      "os": [
        "darwin"
      ]
    },
    "node_modules/lefthook-darwin-x64": {
      "version": "1.7.11",
      "resolved": "https://registry.npmjs.org/lefthook-darwin-x64/-/lefthook-darwin-x64-1.7.11.tgz",
      "integrity": "sha512-sfHzHklBh/xEiRGbCkIWZfkyf6gxg4nSryKuA7M6VgwooauXYN+0aXxNbK4CjXBPSMhSCSHh6uHXsqXWaVrTCQ==",
      "cpu": [
        "x64"
      ],
      "dev": true,
      "license": "MIT",
      "optional": true,
      "os": [
        "darwin"
      ]
    },
    "node_modules/lefthook-freebsd-arm64": {
      "version": "1.7.11",
      "resolved": "https://registry.npmjs.org/lefthook-freebsd-arm64/-/lefthook-freebsd-arm64-1.7.11.tgz",
      "integrity": "sha512-UsEHI2xB0c+k3DfTNhl9STBuxZMkgMCUdOS2r6OkVoUY5Uf1PVUH+OTq7dvSAnsueSl6r+3xyCBz2tn48uVwbA==",
      "cpu": [
        "arm64"
      ],
      "dev": true,
      "license": "MIT",
      "optional": true,
      "os": [
        "freebsd"
      ]
    },
    "node_modules/lefthook-freebsd-x64": {
      "version": "1.7.11",
      "resolved": "https://registry.npmjs.org/lefthook-freebsd-x64/-/lefthook-freebsd-x64-1.7.11.tgz",
      "integrity": "sha512-WJznUCrP8kb0nlxWvlvfWJm/SAW0TOJOv2VFeFLInYM1ylFVUVeV2fEvEHOjGIKyt96+uAnbiHOkqIYbhfc03g==",
      "cpu": [
        "x64"
      ],
      "dev": true,
      "license": "MIT",
      "optional": true,
      "os": [
        "freebsd"
      ]
    },
    "node_modules/lefthook-linux-arm64": {
      "version": "1.7.11",
      "resolved": "https://registry.npmjs.org/lefthook-linux-arm64/-/lefthook-linux-arm64-1.7.11.tgz",
      "integrity": "sha512-4S+Gdr5jWmwrfHGokcuRQm/A92KLRwYotBgOMwf0etQa4n9B6FGXEi59IOuFNHeZXY4DpxA9A8AvplVdN5KSOA==",
      "cpu": [
        "arm64"
      ],
      "dev": true,
      "license": "MIT",
      "optional": true,
      "os": [
        "linux"
      ]
    },
    "node_modules/lefthook-linux-x64": {
      "version": "1.7.11",
      "resolved": "https://registry.npmjs.org/lefthook-linux-x64/-/lefthook-linux-x64-1.7.11.tgz",
      "integrity": "sha512-3CwNNpRa1fHlymgtxjHQ0BqYMvvj3WXvX4eq1BT+w5NF7h5ZjVaK+nilpgEWUUTQyF66FLai+CGx6wfKvcPOag==",
      "cpu": [
        "x64"
      ],
      "dev": true,
      "license": "MIT",
      "optional": true,
      "os": [
        "linux"
      ]
    },
    "node_modules/lefthook-windows-arm64": {
      "version": "1.7.11",
      "resolved": "https://registry.npmjs.org/lefthook-windows-arm64/-/lefthook-windows-arm64-1.7.11.tgz",
      "integrity": "sha512-DfLVQ4F1iQcudTDnX/Ru1WNSN2OBPrHwwcWVVdQ/KDYWSru6dd4f18M7g98TZ2X9nYHA5IWrX8w2DaBR6P0/bw==",
      "cpu": [
        "arm64"
      ],
      "dev": true,
      "license": "MIT",
      "optional": true,
      "os": [
        "win32"
      ]
    },
    "node_modules/lefthook-windows-x64": {
      "version": "1.7.11",
      "resolved": "https://registry.npmjs.org/lefthook-windows-x64/-/lefthook-windows-x64-1.7.11.tgz",
      "integrity": "sha512-xAZP4tQr/6YKbKKvp0qMf6UnToXxo9RulzpKq+v5SiGWE5rz3G12XpyaNVslfrb1N30Yp8wUdZdlXBqhUvltYw==",
      "cpu": [
        "x64"
      ],
      "dev": true,
      "license": "MIT",
      "optional": true,
      "os": [
        "win32"
      ]
    },
    "node_modules/resolve-pkg-maps": {
      "version": "1.0.0",
      "resolved": "https://registry.npmjs.org/resolve-pkg-maps/-/resolve-pkg-maps-1.0.0.tgz",
      "integrity": "sha512-seS2Tj26TBVOC2NIc2rOe2y2ZO7efxITtLZcGSOnHHNOQ7CkiUBfw0Iw2ck6xkIhPwLhKNLS8BO+hEpngQlqzw==",
      "dev": true,
      "license": "MIT",
      "funding": {
        "url": "https://github.com/privatenumber/resolve-pkg-maps?sponsor=1"
      }
    },
    "node_modules/tsx": {
      "version": "4.16.3",
      "resolved": "https://registry.npmjs.org/tsx/-/tsx-4.16.3.tgz",
      "integrity": "sha512-MP8AEUxVnboD2rCC6kDLxnpDBNWN9k3BSVU/0/nNxgm70bPBnfn+yCKcnOsIVPQwdkbKYoFOlKjjWZWJ2XCXUg==",
      "dev": true,
      "license": "MIT",
      "dependencies": {
        "esbuild": "~0.21.5",
        "get-tsconfig": "^4.7.5"
      },
      "bin": {
        "tsx": "dist/cli.mjs"
      },
      "engines": {
        "node": ">=18.0.0"
      },
      "optionalDependencies": {
        "fsevents": "~2.3.3"
      }
    },
    "node_modules/typescript": {
      "version": "5.5.4",
      "resolved": "https://registry.npmjs.org/typescript/-/typescript-5.5.4.tgz",
      "integrity": "sha512-Mtq29sKDAEYP7aljRgtPOpTvOfbwRWlS6dPRzwjdE+C0R4brX/GUyhHSecbHMFLNBLcJIPt9nl9yG5TZ1weH+Q==",
      "dev": true,
      "license": "Apache-2.0",
      "bin": {
        "tsc": "bin/tsc",
        "tsserver": "bin/tsserver"
      },
      "engines": {
        "node": ">=14.17"
      }
    },
    "node_modules/undici-types": {
      "version": "5.26.5",
      "resolved": "https://registry.npmjs.org/undici-types/-/undici-types-5.26.5.tgz",
      "integrity": "sha512-JlCMO+ehdEIKqlFxk6IfVoAUVmgz7cU7zD/h9XZ0qzeosSHmUJVOzSQvvYSYWXkFXC+IfLKSIffhv0sVZup6pA==",
      "dev": true,
      "license": "MIT"
    }
  }
}
